# This file is automatically @generated by Cargo.
# It is not intended for manual editing.
version = 4

[[package]]
name = "okibi-cli"
version = "0.0.0"
dependencies = [
 "okibi-core",
]

[[package]]
name = "okibi-core"
version = "0.0.0"
dependencies = [
 "okibi-qk",
]

[[package]]
name = "okibi-qk"
version = "0.0.0"
